
Microsoft Visual Studio Solution File, Format Version 12.00
# Visual Studio Version 17
VisualStudioVersion = 17.2.32616.157
MinimumVisualStudioVersion = 10.0.40219.1
Project("{FAE04EC0-301F-11D3-BF4B-00C04F79EFBC}") = "FactoryPatternExercise", "FactoryPatternExercise\FactoryPatternExercise.csproj", "{AEC5BEC6-A117-4234-A5D4-0B57591E9EA0}"
EndProject
Global
	GlobalSection(SolutionConfigurationPlatforms) = preSolution
		Debug|Any CPU = Debug|Any CPU
		Release|Any CPU = Release|Any CPU
	EndGlobalSection
	GlobalSection(ProjectConfigurationPlatforms) = postSolution
		{AEC5BEC6-A117-4234-A5D4-0B57591E9EA0}.Debug|Any CPU.ActiveCfg = Debug|Any CPU
		{AEC5BEC6-A117-4234-A5D4-0B57591E9EA0}.Debug|Any CPU.Build.0 = Debug|Any CPU
		{AEC5BEC6-A117-4234-A5D4-0B57591E9EA0}.Release|Any CPU.ActiveCfg = Release|Any CPU
		{AEC5BEC6-A117-4234-A5D4-0B57591E9EA0}.Release|Any CPU.Build.0 = Release|Any CPU
	EndGlobalSection
	GlobalSection(SolutionProperties) = preSolution
		HideSolutionNode = FALSE
	EndGlobalSection
	GlobalSection(ExtensibilityGlobals) = postSolution
		SolutionGuid = {ADC4EC11-A867-48A6-BD81-66649F961C41}
	EndGlobalSection
EndGlobal
